Microsoft Visual Studio Solution File, Format Version 12.00
# Visual Studio 15
VisualStudioVersion = 15.0.26124.0
MinimumVisualStudioVersion = 15.0.26124.0
Project("{2150E333-8FDC-42A3-9474-1A3956D46DE8}") = "src", "src", "{07846D12-9981-492D-A44C-AE819EA09B81}"
EndProject
Project("{6EC3EE1D-3C4E-46DD-8F32-0CC8E7565705}") = "FsStats", "src\FsStats\FsStats.fsproj", "{FD211ABD-4277-408D-8577-CABA5869F7D1}"
EndProject
Project("{6EC3EE1D-3C4E-46DD-8F32-0CC8E7565705}") = "AWSLambda", "src\AWSLambda\AWSLambda.fsproj", "{622AC4F0-3EA5-4EFD-A75B-E66FFA610320}"
EndProject
Project("{6EC3EE1D-3C4E-46DD-8F32-0CC8E7565705}") = "FsStats.OOD", "src\FsStats.OOD\FsStats.OOD.fsproj", "{18CC3141-5412-4B26-9475-6DC80A94C5F2}"
EndProject
Project("{6EC3EE1D-3C4E-46DD-8F32-0CC8E7565705}") = "Test.FsStats.OOD", "src\Test.FsStats.OOD\Test.FsStats.OOD.fsproj", "{D0C19D65-CA75-4AD2-AFE0-DB577B41D791}"
EndProject
Project("{6EC3EE1D-3C4E-46DD-8F32-0CC8E7565705}") = "Test.FsStats", "src\Test.FsStats\Test.FsStats.fsproj", "{86BBDCBC-CDB0-437F-B34E-F66DEECC7F8A}"
EndProject
Global
	GlobalSection(SolutionConfigurationPlatforms) = preSolution
		Debug|Any CPU = Debug|Any CPU
		Debug|x64 = Debug|x64
		Debug|x86 = Debug|x86
		Release|Any CPU = Release|Any CPU
		Release|x64 = Release|x64
		Release|x86 = Release|x86
	EndGlobalSection
	GlobalSection(ProjectConfigurationPlatforms) = postSolution
		{FD211ABD-4277-408D-8577-CABA5869F7D1}.Debug|Any CPU.ActiveCfg = Debug|Any CPU
		{FD211ABD-4277-408D-8577-CABA5869F7D1}.Debug|Any CPU.Build.0 = Debug|Any CPU
		{FD211ABD-4277-408D-8577-CABA5869F7D1}.Debug|x64.ActiveCfg = Debug|Any CPU
		{FD211ABD-4277-408D-8577-CABA5869F7D1}.Debug|x64.Build.0 = Debug|Any CPU
		{FD211ABD-4277-408D-8577-CABA5869F7D1}.Debug|x86.ActiveCfg = Debug|Any CPU
		{FD211ABD-4277-408D-8577-CABA5869F7D1}.Debug|x86.Build.0 = Debug|Any CPU
		{FD211ABD-4277-408D-8577-CABA5869F7D1}.Release|Any CPU.ActiveCfg = Release|Any CPU
		{FD211ABD-4277-408D-8577-CABA5869F7D1}.Release|Any CPU.Build.0 = Release|Any CPU
		{FD211ABD-4277-408D-8577-CABA5869F7D1}.Release|x64.ActiveCfg = Release|Any CPU
		{FD211ABD-4277-408D-8577-CABA5869F7D1}.Release|x64.Build.0 = Release|Any CPU
		{FD211ABD-4277-408D-8577-CABA5869F7D1}.Release|x86.ActiveCfg = Release|Any CPU
		{FD211ABD-4277-408D-8577-CABA5869F7D1}.Release|x86.Build.0 = Release|Any CPU
		{622AC4F0-3EA5-4EFD-A75B-E66FFA610320}.Debug|Any CPU.ActiveCfg = Debug|Any CPU
		{622AC4F0-3EA5-4EFD-A75B-E66FFA610320}.Debug|Any CPU.Build.0 = Debug|Any CPU
		{622AC4F0-3EA5-4EFD-A75B-E66FFA610320}.Debug|x64.ActiveCfg = Debug|Any CPU
		{622AC4F0-3EA5-4EFD-A75B-E66FFA610320}.Debug|x64.Build.0 = Debug|Any CPU
		{622AC4F0-3EA5-4EFD-A75B-E66FFA610320}.Debug|x86.ActiveCfg = Debug|Any CPU
		{622AC4F0-3EA5-4EFD-A75B-E66FFA610320}.Debug|x86.Build.0 = Debug|Any CPU
		{622AC4F0-3EA5-4EFD-A75B-E66FFA610320}.Release|Any CPU.ActiveCfg = Release|Any CPU
		{622AC4F0-3EA5-4EFD-A75B-E66FFA610320}.Release|Any CPU.Build.0 = Release|Any CPU
		{622AC4F0-3EA5-4EFD-A75B-E66FFA610320}.Release|x64.ActiveCfg = Release|Any CPU
		{622AC4F0-3EA5-4EFD-A75B-E66FFA610320}.Release|x64.Build.0 = Release|Any CPU
		{622AC4F0-3EA5-4EFD-A75B-E66FFA610320}.Release|x86.ActiveCfg = Release|Any CPU
		{622AC4F0-3EA5-4EFD-A75B-E66FFA610320}.Release|x86.Build.0 = Release|Any CPU
		{18CC3141-5412-4B26-9475-6DC80A94C5F2}.Debug|Any CPU.ActiveCfg = Debug|Any CPU
		{18CC3141-5412-4B26-9475-6DC80A94C5F2}.Debug|Any CPU.Build.0 = Debug|Any CPU
		{18CC3141-5412-4B26-9475-6DC80A94C5F2}.Debug|x64.ActiveCfg = Debug|Any CPU
		{18CC3141-5412-4B26-9475-6DC80A94C5F2}.Debug|x64.Build.0 = Debug|Any CPU
		{18CC3141-5412-4B26-9475-6DC80A94C5F2}.Debug|x86.ActiveCfg = Debug|Any CPU
		{18CC3141-5412-4B26-9475-6DC80A94C5F2}.Debug|x86.Build.0 = Debug|Any CPU
		{18CC3141-5412-4B26-9475-6DC80A94C5F2}.Release|Any CPU.ActiveCfg = Release|Any CPU
		{18CC3141-5412-4B26-9475-6DC80A94C5F2}.Release|Any CPU.Build.0 = Release|Any CPU
		{18CC3141-5412-4B26-9475-6DC80A94C5F2}.Release|x64.ActiveCfg = Release|Any CPU
		{18CC3141-5412-4B26-9475-6DC80A94C5F2}.Release|x64.Build.0 = Release|Any CPU
		{18CC3141-5412-4B26-9475-6DC80A94C5F2}.Release|x86.ActiveCfg = Release|Any CPU
		{18CC3141-5412-4B26-9475-6DC80A94C5F2}.Release|x86.Build.0 = Release|Any CPU
		{D0C19D65-CA75-4AD2-AFE0-DB577B41D791}.Debug|Any CPU.ActiveCfg = Debug|Any CPU
		{D0C19D65-CA75-4AD2-AFE0-DB577B41D791}.Debug|Any CPU.Build.0 = Debug|Any CPU
		{D0C19D65-CA75-4AD2-AFE0-DB577B41D791}.Debug|x64.ActiveCfg = Debug|Any CPU
		{D0C19D65-CA75-4AD2-AFE0-DB577B41D791}.Debug|x64.Build.0 = Debug|Any CPU
		{D0C19D65-CA75-4AD2-AFE0-DB577B41D791}.Debug|x86.ActiveCfg = Debug|Any CPU
		{D0C19D65-CA75-4AD2-AFE0-DB577B41D791}.Debug|x86.Build.0 = Debug|Any CPU
		{D0C19D65-CA75-4AD2-AFE0-DB577B41D791}.Release|Any CPU.ActiveCfg = Release|Any CPU
		{D0C19D65-CA75-4AD2-AFE0-DB577B41D791}.Release|Any CPU.Build.0 = Release|Any CPU
		{D0C19D65-CA75-4AD2-AFE0-DB577B41D791}.Release|x64.ActiveCfg = Release|Any CPU
		{D0C19D65-CA75-4AD2-AFE0-DB577B41D791}.Release|x64.Build.0 = Release|Any CPU
		{D0C19D65-CA75-4AD2-AFE0-DB577B41D791}.Release|x86.ActiveCfg = Release|Any CPU
		{D0C19D65-CA75-4AD2-AFE0-DB577B41D791}.Release|x86.Build.0 = Release|Any CPU
		{86BBDCBC-CDB0-437F-B34E-F66DEECC7F8A}.Debug|Any CPU.ActiveCfg = Debug|Any CPU
		{86BBDCBC-CDB0-437F-B34E-F66DEECC7F8A}.Debug|Any CPU.Build.0 = Debug|Any CPU
		{86BBDCBC-CDB0-437F-B34E-F66DEECC7F8A}.Debug|x64.ActiveCfg = Debug|Any CPU
		{86BBDCBC-CDB0-437F-B34E-F66DEECC7F8A}.Debug|x64.Build.0 = Debug|Any CPU
		{86BBDCBC-CDB0-437F-B34E-F66DEECC7F8A}.Debug|x86.ActiveCfg = Debug|Any CPU
		{86BBDCBC-CDB0-437F-B34E-F66DEECC7F8A}.Debug|x86.Build.0 = Debug|Any CPU
		{86BBDCBC-CDB0-437F-B34E-F66DEECC7F8A}.Release|Any CPU.ActiveCfg = Release|Any CPU
		{86BBDCBC-CDB0-437F-B34E-F66DEECC7F8A}.Release|Any CPU.Build.0 = Release|Any CPU
		{86BBDCBC-CDB0-437F-B34E-F66DEECC7F8A}.Release|x64.ActiveCfg = Release|Any CPU
		{86BBDCBC-CDB0-437F-B34E-F66DEECC7F8A}.Release|x64.Build.0 = Release|Any CPU
		{86BBDCBC-CDB0-437F-B34E-F66DEECC7F8A}.Release|x86.ActiveCfg = Release|Any CPU
		{86BBDCBC-CDB0-437F-B34E-F66DEECC7F8A}.Release|x86.Build.0 = Release|Any CPU
	EndGlobalSection
	GlobalSection(SolutionProperties) = preSolution
		HideSolutionNode = FALSE
	EndGlobalSection
	GlobalSection(NestedProjects) = preSolution
		{FD211ABD-4277-408D-8577-CABA5869F7D1} = {07846D12-9981-492D-A44C-AE819EA09B81}
		{622AC4F0-3EA5-4EFD-A75B-E66FFA610320} = {07846D12-9981-492D-A44C-AE819EA09B81}
		{18CC3141-5412-4B26-9475-6DC80A94C5F2} = {07846D12-9981-492D-A44C-AE819EA09B81}
		{D0C19D65-CA75-4AD2-AFE0-DB577B41D791} = {07846D12-9981-492D-A44C-AE819EA09B81}
		{86BBDCBC-CDB0-437F-B34E-F66DEECC7F8A} = {07846D12-9981-492D-A44C-AE819EA09B81}
	EndGlobalSection
	GlobalSection(ExtensibilityGlobals) = postSolution
		SolutionGuid = {77A97867-06F3-49F2-9671-725C08F08BC3}
	EndGlobalSection
EndGlobal
